
Microsoft Visual Studio Solution File, Format Version 12.00
# Visual Studio Version 16
VisualStudioVersion = 16.0.30330.147
MinimumVisualStudioVersion = 10.0.40219.1
Project("{FAE04EC0-301F-11D3-BF4B-00C04F79EFBC}") = "GameOfLife", "GameOfLife\GameOfLife.csproj", "{33D48BB6-79D9-4C03-87EF-FE7CFEE20A4A}"
EndProject
Global
	GlobalSection(SolutionConfigurationPlatforms) = preSolution
		Debug|Any CPU = Debug|Any CPU
		Release|Any CPU = Release|Any CPU
	EndGlobalSection
	GlobalSection(ProjectConfigurationPlatforms) = postSolution
		{33D48BB6-79D9-4C03-87EF-FE7CFEE20A4A}.Debug|Any CPU.ActiveCfg = Debug|Any CPU
		{33D48BB6-79D9-4C03-87EF-FE7CFEE20A4A}.Debug|Any CPU.Build.0 = Debug|Any CPU
		{33D48BB6-79D9-4C03-87EF-FE7CFEE20A4A}.Release|Any CPU.ActiveCfg = Release|Any CPU
		{33D48BB6-79D9-4C03-87EF-FE7CFEE20A4A}.Release|Any CPU.Build.0 = Release|Any CPU
	EndGlobalSection
	GlobalSection(SolutionProperties) = preSolution
		HideSolutionNode = FALSE
	EndGlobalSection
	GlobalSection(ExtensibilityGlobals) = postSolution
		SolutionGuid = {5326DB43-F5D4-44F1-A2D4-91C46D503F6C}
	EndGlobalSection
EndGlobal
